{
  "wool/cli-args": {
    "version": "0.0.0",
    "range": "0.0.0 <= v < 1.0.0"
  },
  "wool/cli-colors": {
    "version": "0.0.0",
    "range": "0.0.0 <= v < 1.0.0"
  },
  "wool/cli-questions": {
    "version": "0.0.0",
    "range": "0.0.0 <= v < 1.0.0"
  },
  "wool/process": {
    "version": "0.0.0",
    "range": "0.0.0 <= v < 1.0.0"
  },
  "wool/semver": {
    "version": "0.0.0",
    "range": "0.0.0 <= v < 1.0.0"
  },
  "wool/utils": {
    "version": "0.0.0",
    "range": "0.0.0 <= v < 1.0.0"
  }
}
